
Microsoft Visual Studio Solution File, Format Version 12.00
# Visual Studio Version 16
VisualStudioVersion = 16.0.31424.327
MinimumVisualStudioVersion = 10.0.40219.1
Project("{FAE04EC0-301F-11D3-BF4B-00C04F79EFBC}") = "Altura", "Altura\Altura.csproj", "{254A2852-9D5F-4C4B-BFEE-0773D9330610}"
EndProject
Global
	GlobalSection(SolutionConfigurationPlatforms) = preSolution
		Debug|Any CPU = Debug|Any CPU
		Release|Any CPU = Release|Any CPU
	EndGlobalSection
	GlobalSection(ProjectConfigurationPlatforms) = postSolution
		{254A2852-9D5F-4C4B-BFEE-0773D9330610}.Debug|Any CPU.ActiveCfg = Debug|Any CPU
		{254A2852-9D5F-4C4B-BFEE-0773D9330610}.Debug|Any CPU.Build.0 = Debug|Any CPU
		{254A2852-9D5F-4C4B-BFEE-0773D9330610}.Release|Any CPU.ActiveCfg = Release|Any CPU
		{254A2852-9D5F-4C4B-BFEE-0773D9330610}.Release|Any CPU.Build.0 = Release|Any CPU
	EndGlobalSection
	GlobalSection(SolutionProperties) = preSolution
		HideSolutionNode = FALSE
	EndGlobalSection
	GlobalSection(ExtensibilityGlobals) = postSolution
		SolutionGuid = {ABA7D444-BFEF-46F0-A548-BB74656334D1}
	EndGlobalSection
EndGlobal
